
Microsoft Visual Studio Solution File, Format Version 12.00
# Visual Studio Version 16
VisualStudioVersion = 16.0.28803.352
MinimumVisualStudioVersion = 10.0.40219.1
Project("{8BC9CEB8-8B4A-11D0-8D11-00A0C91BC942}") = "opencv_test", "opencv_test\opencv_test.vcxproj", "{DA907968-FD82-4621-A5BD-ACFE430E634C}"
EndProject
Global
	GlobalSection(SolutionConfigurationPlatforms) = preSolution
		Debug|x64 = Debug|x64
		Debug|x86 = Debug|x86
		Release|x64 = Release|x64
		Release|x86 = Release|x86
	EndGlobalSection
	GlobalSection(ProjectConfigurationPlatforms) = postSolution
		{DA907968-FD82-4621-A5BD-ACFE430E634C}.Debug|x64.ActiveCfg = Debug|x64
		{DA907968-FD82-4621-A5BD-ACFE430E634C}.Debug|x64.Build.0 = Debug|x64
		{DA907968-FD82-4621-A5BD-ACFE430E634C}.Debug|x86.ActiveCfg = Debug|Win32
		{DA907968-FD82-4621-A5BD-ACFE430E634C}.Debug|x86.Build.0 = Debug|Win32
		{DA907968-FD82-4621-A5BD-ACFE430E634C}.Release|x64.ActiveCfg = Release|x64
		{DA907968-FD82-4621-A5BD-ACFE430E634C}.Release|x64.Build.0 = Release|x64
		{DA907968-FD82-4621-A5BD-ACFE430E634C}.Release|x86.ActiveCfg = Release|Win32
		{DA907968-FD82-4621-A5BD-ACFE430E634C}.Release|x86.Build.0 = Release|Win32
	EndGlobalSection
	GlobalSection(SolutionProperties) = preSolution
		HideSolutionNode = FALSE
	EndGlobalSection
	GlobalSection(ExtensibilityGlobals) = postSolution
		SolutionGuid = {D36458DC-9534-46FD-910B-259A78295177}
	EndGlobalSection
EndGlobal
